
Microsoft Visual Studio Solution File, Format Version 12.00
# Visual Studio Version 17
VisualStudioVersion = 17.4.33205.214
MinimumVisualStudioVersion = 10.0.40219.1
Project("{8BC9CEB8-8B4A-11D0-8D11-00A0C91BC942}") = "pwm", "pwm.vcxproj", "{7F137B74-6F17-490C-87BE-E0433116C48F}"
EndProject
Global
	GlobalSection(SolutionConfigurationPlatforms) = preSolution
		win32_debug|Win32 = win32_debug|Win32
	EndGlobalSection
	GlobalSection(ProjectConfigurationPlatforms) = postSolution
		{7F137B74-6F17-490C-87BE-E0433116C48F}.win32_debug|Win32.ActiveCfg = win32_debug|Win32
		{7F137B74-6F17-490C-87BE-E0433116C48F}.win32_debug|Win32.Build.0 = win32_debug|Win32
	EndGlobalSection
	GlobalSection(SolutionProperties) = preSolution
		HideSolutionNode = FALSE
	EndGlobalSection
	GlobalSection(ExtensibilityGlobals) = postSolution
		SolutionGuid = {5097CF65-6575-4656-8BEA-515366ACB728}
	EndGlobalSection
EndGlobal
